
Microsoft Visual Studio Solution File, Format Version 12.00
# Visual Studio Version 17
VisualStudioVersion = 17.8.34511.84
MinimumVisualStudioVersion = 10.0.40219.1
Project("{FAE04EC0-301F-11D3-BF4B-00C04F79EFBC}") = "stripe-dotnet-demo", "stripe-dotnet-demo\stripe-dotnet-demo.csproj", "{1074D019-550D-449A-8E0D-4F317ACA5440}"
EndProject
Global
	GlobalSection(SolutionConfigurationPlatforms) = preSolution
		Debug|Any CPU = Debug|Any CPU
		Release|Any CPU = Release|Any CPU
	EndGlobalSection
	GlobalSection(ProjectConfigurationPlatforms) = postSolution
		{1074D019-550D-449A-8E0D-4F317ACA5440}.Debug|Any CPU.ActiveCfg = Debug|Any CPU
		{1074D019-550D-449A-8E0D-4F317ACA5440}.Debug|Any CPU.Build.0 = Debug|Any CPU
		{1074D019-550D-449A-8E0D-4F317ACA5440}.Release|Any CPU.ActiveCfg = Release|Any CPU
		{1074D019-550D-449A-8E0D-4F317ACA5440}.Release|Any CPU.Build.0 = Release|Any CPU
	EndGlobalSection
	GlobalSection(SolutionProperties) = preSolution
		HideSolutionNode = FALSE
	EndGlobalSection
	GlobalSection(ExtensibilityGlobals) = postSolution
		SolutionGuid = {E92A69CB-D1DE-4D1D-97A0-DAD167DBA5B4}
	EndGlobalSection
EndGlobal
